
Microsoft Visual Studio Solution File, Format Version 12.00
# Visual Studio Version 16
VisualStudioVersion = 16.0.31025.194
MinimumVisualStudioVersion = 10.0.40219.1
Project("{FAE04EC0-301F-11D3-BF4B-00C04F79EFBC}") = "DateTimeKindProgram", "DateTimeKindProgram\DateTimeKindProgram.csproj", "{016C5E3D-2767-4782-B53B-F5E6934E77DD}"
EndProject
Global
	GlobalSection(SolutionConfigurationPlatforms) = preSolution
		Debug|Any CPU = Debug|Any CPU
		Release|Any CPU = Release|Any CPU
	EndGlobalSection
	GlobalSection(ProjectConfigurationPlatforms) = postSolution
		{016C5E3D-2767-4782-B53B-F5E6934E77DD}.Debug|Any CPU.ActiveCfg = Debug|Any CPU
		{016C5E3D-2767-4782-B53B-F5E6934E77DD}.Debug|Any CPU.Build.0 = Debug|Any CPU
		{016C5E3D-2767-4782-B53B-F5E6934E77DD}.Release|Any CPU.ActiveCfg = Release|Any CPU
		{016C5E3D-2767-4782-B53B-F5E6934E77DD}.Release|Any CPU.Build.0 = Release|Any CPU
	EndGlobalSection
	GlobalSection(SolutionProperties) = preSolution
		HideSolutionNode = FALSE
	EndGlobalSection
	GlobalSection(ExtensibilityGlobals) = postSolution
		SolutionGuid = {8AFFECE4-6C26-46D6-BEA3-169978E942EB}
	EndGlobalSection
EndGlobal
