
Microsoft Visual Studio Solution File, Format Version 12.00
# Visual Studio Version 16
VisualStudioVersion = 16.0.31205.134
MinimumVisualStudioVersion = 10.0.40219.1
Project("{FAE04EC0-301F-11D3-BF4B-00C04F79EFBC}") = "ConsoleApp3", "ConsoleApp3\ConsoleApp3.csproj", "{91791A8F-B6F2-46AE-9A37-E0370A6382C2}"
EndProject
Global
	GlobalSection(SolutionConfigurationPlatforms) = preSolution
		Debug|Any CPU = Debug|Any CPU
		Release|Any CPU = Release|Any CPU
	EndGlobalSection
	GlobalSection(ProjectConfigurationPlatforms) = postSolution
		{91791A8F-B6F2-46AE-9A37-E0370A6382C2}.Debug|Any CPU.ActiveCfg = Debug|Any CPU
		{91791A8F-B6F2-46AE-9A37-E0370A6382C2}.Debug|Any CPU.Build.0 = Debug|Any CPU
		{91791A8F-B6F2-46AE-9A37-E0370A6382C2}.Release|Any CPU.ActiveCfg = Release|Any CPU
		{91791A8F-B6F2-46AE-9A37-E0370A6382C2}.Release|Any CPU.Build.0 = Release|Any CPU
	EndGlobalSection
	GlobalSection(SolutionProperties) = preSolution
		HideSolutionNode = FALSE
	EndGlobalSection
	GlobalSection(ExtensibilityGlobals) = postSolution
		SolutionGuid = {75CAA904-C580-468B-8B11-E281A8A7752F}
	EndGlobalSection
EndGlobal
