
Microsoft Visual Studio Solution File, Format Version 12.00
# Visual Studio Version 17
VisualStudioVersion = 17.0.32112.339
MinimumVisualStudioVersion = 10.0.40219.1
Project("{FAE04EC0-301F-11D3-BF4B-00C04F79EFBC}") = "ProgramTaxpayer", "ProgramTaxpayer\ProgramTaxpayer.csproj", "{65D96C4C-4443-4BD9-9FA3-6993CCF63BB5}"
EndProject
Global
	GlobalSection(SolutionConfigurationPlatforms) = preSolution
		Debug|Any CPU = Debug|Any CPU
		Release|Any CPU = Release|Any CPU
	EndGlobalSection
	GlobalSection(ProjectConfigurationPlatforms) = postSolution
		{65D96C4C-4443-4BD9-9FA3-6993CCF63BB5}.Debug|Any CPU.ActiveCfg = Debug|Any CPU
		{65D96C4C-4443-4BD9-9FA3-6993CCF63BB5}.Debug|Any CPU.Build.0 = Debug|Any CPU
		{65D96C4C-4443-4BD9-9FA3-6993CCF63BB5}.Release|Any CPU.ActiveCfg = Release|Any CPU
		{65D96C4C-4443-4BD9-9FA3-6993CCF63BB5}.Release|Any CPU.Build.0 = Release|Any CPU
	EndGlobalSection
	GlobalSection(SolutionProperties) = preSolution
		HideSolutionNode = FALSE
	EndGlobalSection
	GlobalSection(ExtensibilityGlobals) = postSolution
		SolutionGuid = {6AC41631-F919-46AF-BE1F-192FC054715D}
	EndGlobalSection
EndGlobal
