
Microsoft Visual Studio Solution File, Format Version 12.00
# Visual Studio Version 17
VisualStudioVersion = 17.0.32112.339
MinimumVisualStudioVersion = 10.0.40219.1
Project("{FAE04EC0-301F-11D3-BF4B-00C04F79EFBC}") = "Heritage", "Heritage\Heritage.csproj", "{A35BD86E-70E4-4AFB-AD80-07C445D0840E}"
EndProject
Global
	GlobalSection(SolutionConfigurationPlatforms) = preSolution
		Debug|Any CPU = Debug|Any CPU
		Release|Any CPU = Release|Any CPU
	EndGlobalSection
	GlobalSection(ProjectConfigurationPlatforms) = postSolution
		{A35BD86E-70E4-4AFB-AD80-07C445D0840E}.Debug|Any CPU.ActiveCfg = Debug|Any CPU
		{A35BD86E-70E4-4AFB-AD80-07C445D0840E}.Debug|Any CPU.Build.0 = Debug|Any CPU
		{A35BD86E-70E4-4AFB-AD80-07C445D0840E}.Release|Any CPU.ActiveCfg = Release|Any CPU
		{A35BD86E-70E4-4AFB-AD80-07C445D0840E}.Release|Any CPU.Build.0 = Release|Any CPU
	EndGlobalSection
	GlobalSection(SolutionProperties) = preSolution
		HideSolutionNode = FALSE
	EndGlobalSection
	GlobalSection(ExtensibilityGlobals) = postSolution
		SolutionGuid = {866BDDAE-9C00-4D1C-9EA9-519DB55E8711}
	EndGlobalSection
EndGlobal
