
Microsoft Visual Studio Solution File, Format Version 12.00
# Visual Studio Version 16
VisualStudioVersion = 16.0.31911.196
MinimumVisualStudioVersion = 10.0.40219.1
Project("{FAE04EC0-301F-11D3-BF4B-00C04F79EFBC}") = "Foreach", "Foreach\Foreach.csproj", "{8C2AF03C-6F2D-43A2-9B34-42B0EE9DFDD9}"
EndProject
Global
	GlobalSection(SolutionConfigurationPlatforms) = preSolution
		Debug|Any CPU = Debug|Any CPU
		Release|Any CPU = Release|Any CPU
	EndGlobalSection
	GlobalSection(ProjectConfigurationPlatforms) = postSolution
		{8C2AF03C-6F2D-43A2-9B34-42B0EE9DFDD9}.Debug|Any CPU.ActiveCfg = Debug|Any CPU
		{8C2AF03C-6F2D-43A2-9B34-42B0EE9DFDD9}.Debug|Any CPU.Build.0 = Debug|Any CPU
		{8C2AF03C-6F2D-43A2-9B34-42B0EE9DFDD9}.Release|Any CPU.ActiveCfg = Release|Any CPU
		{8C2AF03C-6F2D-43A2-9B34-42B0EE9DFDD9}.Release|Any CPU.Build.0 = Release|Any CPU
	EndGlobalSection
	GlobalSection(SolutionProperties) = preSolution
		HideSolutionNode = FALSE
	EndGlobalSection
	GlobalSection(ExtensibilityGlobals) = postSolution
		SolutionGuid = {10A13AAE-D299-47AA-B124-61310F9DF3F6}
	EndGlobalSection
EndGlobal
