
Microsoft Visual Studio Solution File, Format Version 12.00
# Visual Studio Version 17
VisualStudioVersion = 17.0.32112.339
MinimumVisualStudioVersion = 10.0.40219.1
Project("{FAE04EC0-301F-11D3-BF4B-00C04F79EFBC}") = "WorkProgram_test1", "WorkProgram_test1\WorkProgram_test1.csproj", "{A39E78E1-19A2-4CBE-A149-E17EDF50C927}"
EndProject
Global
	GlobalSection(SolutionConfigurationPlatforms) = preSolution
		Debug|Any CPU = Debug|Any CPU
		Release|Any CPU = Release|Any CPU
	EndGlobalSection
	GlobalSection(ProjectConfigurationPlatforms) = postSolution
		{A39E78E1-19A2-4CBE-A149-E17EDF50C927}.Debug|Any CPU.ActiveCfg = Debug|Any CPU
		{A39E78E1-19A2-4CBE-A149-E17EDF50C927}.Debug|Any CPU.Build.0 = Debug|Any CPU
		{A39E78E1-19A2-4CBE-A149-E17EDF50C927}.Release|Any CPU.ActiveCfg = Release|Any CPU
		{A39E78E1-19A2-4CBE-A149-E17EDF50C927}.Release|Any CPU.Build.0 = Release|Any CPU
	EndGlobalSection
	GlobalSection(SolutionProperties) = preSolution
		HideSolutionNode = FALSE
	EndGlobalSection
	GlobalSection(ExtensibilityGlobals) = postSolution
		SolutionGuid = {74BC70C2-0342-4D34-BD4F-9698E5DA6DC4}
	EndGlobalSection
EndGlobal
