
Microsoft Visual Studio Solution File, Format Version 12.00
# Visual Studio Version 17
VisualStudioVersion = 17.0.32014.148
MinimumVisualStudioVersion = 10.0.40219.1
Project("{FAE04EC0-301F-11D3-BF4B-00C04F79EFBC}") = "WorkerContractProgram", "WorkerContractProgram\WorkerContractProgram.csproj", "{0C61B6D0-1484-4A67-9F6D-551DE8E70EBB}"
EndProject
Global
	GlobalSection(SolutionConfigurationPlatforms) = preSolution
		Debug|Any CPU = Debug|Any CPU
		Release|Any CPU = Release|Any CPU
	EndGlobalSection
	GlobalSection(ProjectConfigurationPlatforms) = postSolution
		{0C61B6D0-1484-4A67-9F6D-551DE8E70EBB}.Debug|Any CPU.ActiveCfg = Debug|Any CPU
		{0C61B6D0-1484-4A67-9F6D-551DE8E70EBB}.Debug|Any CPU.Build.0 = Debug|Any CPU
		{0C61B6D0-1484-4A67-9F6D-551DE8E70EBB}.Release|Any CPU.ActiveCfg = Release|Any CPU
		{0C61B6D0-1484-4A67-9F6D-551DE8E70EBB}.Release|Any CPU.Build.0 = Release|Any CPU
	EndGlobalSection
	GlobalSection(SolutionProperties) = preSolution
		HideSolutionNode = FALSE
	EndGlobalSection
	GlobalSection(ExtensibilityGlobals) = postSolution
		SolutionGuid = {36BC15EC-7280-4D40-A436-D57D30FB3D80}
	EndGlobalSection
EndGlobal
