
Microsoft Visual Studio Solution File, Format Version 12.00
# Visual Studio Version 16
VisualStudioVersion = 16.0.31025.194
MinimumVisualStudioVersion = 10.0.40219.1
Project("{FAE04EC0-301F-11D3-BF4B-00C04F79EFBC}") = "Reuse", "Reuse\Reuse.csproj", "{AFE31CD3-430A-4431-846F-FC16625D23D4}"
EndProject
Global
	GlobalSection(SolutionConfigurationPlatforms) = preSolution
		Debug|Any CPU = Debug|Any CPU
		Release|Any CPU = Release|Any CPU
	EndGlobalSection
	GlobalSection(ProjectConfigurationPlatforms) = postSolution
		{AFE31CD3-430A-4431-846F-FC16625D23D4}.Debug|Any CPU.ActiveCfg = Debug|Any CPU
		{AFE31CD3-430A-4431-846F-FC16625D23D4}.Debug|Any CPU.Build.0 = Debug|Any CPU
		{AFE31CD3-430A-4431-846F-FC16625D23D4}.Release|Any CPU.ActiveCfg = Release|Any CPU
		{AFE31CD3-430A-4431-846F-FC16625D23D4}.Release|Any CPU.Build.0 = Release|Any CPU
	EndGlobalSection
	GlobalSection(SolutionProperties) = preSolution
		HideSolutionNode = FALSE
	EndGlobalSection
	GlobalSection(ExtensibilityGlobals) = postSolution
		SolutionGuid = {CEA1C5DF-EF46-4F38-8531-233DB573C1F3}
	EndGlobalSection
EndGlobal
