
Microsoft Visual Studio Solution File, Format Version 12.00
# Visual Studio Version 17
VisualStudioVersion = 17.0.32112.339
MinimumVisualStudioVersion = 10.0.40219.1
Project("{FAE04EC0-301F-11D3-BF4B-00C04F79EFBC}") = "FileStreamStreamReader", "FileStreamStreamReader\FileStreamStreamReader.csproj", "{7192771C-693B-46F6-8FEE-8B1CE304C5E4}"
EndProject
Global
	GlobalSection(SolutionConfigurationPlatforms) = preSolution
		Debug|Any CPU = Debug|Any CPU
		Release|Any CPU = Release|Any CPU
	EndGlobalSection
	GlobalSection(ProjectConfigurationPlatforms) = postSolution
		{7192771C-693B-46F6-8FEE-8B1CE304C5E4}.Debug|Any CPU.ActiveCfg = Debug|Any CPU
		{7192771C-693B-46F6-8FEE-8B1CE304C5E4}.Debug|Any CPU.Build.0 = Debug|Any CPU
		{7192771C-693B-46F6-8FEE-8B1CE304C5E4}.Release|Any CPU.ActiveCfg = Release|Any CPU
		{7192771C-693B-46F6-8FEE-8B1CE304C5E4}.Release|Any CPU.Build.0 = Release|Any CPU
	EndGlobalSection
	GlobalSection(SolutionProperties) = preSolution
		HideSolutionNode = FALSE
	EndGlobalSection
	GlobalSection(ExtensibilityGlobals) = postSolution
		SolutionGuid = {9E4EF163-AD4C-4127-9038-7F4D88CAFB9C}
	EndGlobalSection
EndGlobal
