
Microsoft Visual Studio Solution File, Format Version 12.00
# Visual Studio Version 17
VisualStudioVersion = 17.0.32014.148
MinimumVisualStudioVersion = 10.0.40219.1
Project("{FAE04EC0-301F-11D3-BF4B-00C04F79EFBC}") = "Functions_String", "Functions_String\Functions_String.csproj", "{9FDA4B44-05EA-40AE-A194-520EFAB88F79}"
EndProject
Global
	GlobalSection(SolutionConfigurationPlatforms) = preSolution
		Debug|Any CPU = Debug|Any CPU
		Release|Any CPU = Release|Any CPU
	EndGlobalSection
	GlobalSection(ProjectConfigurationPlatforms) = postSolution
		{9FDA4B44-05EA-40AE-A194-520EFAB88F79}.Debug|Any CPU.ActiveCfg = Debug|Any CPU
		{9FDA4B44-05EA-40AE-A194-520EFAB88F79}.Debug|Any CPU.Build.0 = Debug|Any CPU
		{9FDA4B44-05EA-40AE-A194-520EFAB88F79}.Release|Any CPU.ActiveCfg = Release|Any CPU
		{9FDA4B44-05EA-40AE-A194-520EFAB88F79}.Release|Any CPU.Build.0 = Release|Any CPU
	EndGlobalSection
	GlobalSection(SolutionProperties) = preSolution
		HideSolutionNode = FALSE
	EndGlobalSection
	GlobalSection(ExtensibilityGlobals) = postSolution
		SolutionGuid = {8348B603-2C06-4E78-BEFA-37A854C13E7E}
	EndGlobalSection
EndGlobal
