
Microsoft Visual Studio Solution File, Format Version 12.00
# Visual Studio Version 17
VisualStudioVersion = 17.0.32112.339
MinimumVisualStudioVersion = 10.0.40219.1
Project("{FAE04EC0-301F-11D3-BF4B-00C04F79EFBC}") = "ProgramHotel", "ProgramHotel\ProgramHotel.csproj", "{9897851B-AFCE-48B0-B10F-C8CCF8BD067F}"
EndProject
Global
	GlobalSection(SolutionConfigurationPlatforms) = preSolution
		Debug|Any CPU = Debug|Any CPU
		Release|Any CPU = Release|Any CPU
	EndGlobalSection
	GlobalSection(ProjectConfigurationPlatforms) = postSolution
		{9897851B-AFCE-48B0-B10F-C8CCF8BD067F}.Debug|Any CPU.ActiveCfg = Debug|Any CPU
		{9897851B-AFCE-48B0-B10F-C8CCF8BD067F}.Debug|Any CPU.Build.0 = Debug|Any CPU
		{9897851B-AFCE-48B0-B10F-C8CCF8BD067F}.Release|Any CPU.ActiveCfg = Release|Any CPU
		{9897851B-AFCE-48B0-B10F-C8CCF8BD067F}.Release|Any CPU.Build.0 = Release|Any CPU
	EndGlobalSection
	GlobalSection(SolutionProperties) = preSolution
		HideSolutionNode = FALSE
	EndGlobalSection
	GlobalSection(ExtensibilityGlobals) = postSolution
		SolutionGuid = {9A7579F8-D18F-45B6-B873-C7ED9D0BAFF2}
	EndGlobalSection
EndGlobal
