
Microsoft Visual Studio Solution File, Format Version 12.00
# Visual Studio Version 17
VisualStudioVersion = 17.0.32112.339
MinimumVisualStudioVersion = 10.0.40219.1
Project("{FAE04EC0-301F-11D3-BF4B-00C04F79EFBC}") = "ProgramDepositWithdraw", "ProgramDepositWithdraw\ProgramDepositWithdraw.csproj", "{A8DBF2BA-A2CD-4589-AA66-ABA62583BB6D}"
EndProject
Global
	GlobalSection(SolutionConfigurationPlatforms) = preSolution
		Debug|Any CPU = Debug|Any CPU
		Release|Any CPU = Release|Any CPU
	EndGlobalSection
	GlobalSection(ProjectConfigurationPlatforms) = postSolution
		{A8DBF2BA-A2CD-4589-AA66-ABA62583BB6D}.Debug|Any CPU.ActiveCfg = Debug|Any CPU
		{A8DBF2BA-A2CD-4589-AA66-ABA62583BB6D}.Debug|Any CPU.Build.0 = Debug|Any CPU
		{A8DBF2BA-A2CD-4589-AA66-ABA62583BB6D}.Release|Any CPU.ActiveCfg = Release|Any CPU
		{A8DBF2BA-A2CD-4589-AA66-ABA62583BB6D}.Release|Any CPU.Build.0 = Release|Any CPU
	EndGlobalSection
	GlobalSection(SolutionProperties) = preSolution
		HideSolutionNode = FALSE
	EndGlobalSection
	GlobalSection(ExtensibilityGlobals) = postSolution
		SolutionGuid = {ED494B2F-CF44-4C98-97A3-BB951635CC26}
	EndGlobalSection
EndGlobal
